// !$*UTF8*$!
{
	archiveVersion = 1;
	classes = {
	};
	objectVersion = 56;
	objects = {

/* Begin PBXBuildFile section */
		07DB293B2B3B0FD8002992FD /* LandmarksApp.swift in Sources */ = {isa = PBXBuildFile; fileRef = 07DB293A2B3B0FD8002992FD /* LandmarksApp.swift */; };
		07DB293D2B3B0FD8002992FD /* ContentView.swift in Sources */ = {isa = PBXBuildFile; fileRef = 07DB293C2B3B0FD8002992FD /* ContentView.swift */; };
		07DB293F2B3B0FD9002992FD /* Assets.xcassets in Resources */ = {isa = PBXBuildFile; fileRef = 07DB293E2B3B0FD9002992FD /* Assets.xcassets */; };
		07DB29422B3B0FD9002992FD /* Preview Assets.xcassets in Resources */ = {isa = PBXBuildFile; fileRef = 07DB29412B3B0FD9002992FD /* Preview Assets.xcassets */; };
		07DB29492B3B13E8002992FD /* CircleImage.swift in Sources */ = {isa = PBXBuildFile; fileRef = 07DB29482B3B13E8002992FD /* CircleImage.swift */; };
		07DB294B2B3B1559002992FD /* MapView.swift in Sources */ = {isa = PBXBuildFile; fileRef = 07DB294A2B3B1559002992FD /* MapView.swift */; };
		07DB294D2B3BF191002992FD /* landmarkData.json in Resources */ = {isa = PBXBuildFile; fileRef = 07DB294C2B3BF191002992FD /* landmarkData.json */; };
		07DB294F2B3BF1A1002992FD /* Landmark.swift in Sources */ = {isa = PBXBuildFile; fileRef = 07DB294E2B3BF1A1002992FD /* Landmark.swift */; };
		07DB29512B3BF31E002992FD /* ModelData.swift in Sources */ = {isa = PBXBuildFile; fileRef = 07DB29502B3BF31E002992FD /* ModelData.swift */; };
		07DB29582B3BF56A002992FD /* LandmarkRow.swift in Sources */ = {isa = PBXBuildFile; fileRef = 07DB29572B3BF56A002992FD /* LandmarkRow.swift */; };
		07DB295A2B3C025C002992FD /* LandmarkList.swift in Sources */ = {isa = PBXBuildFile; fileRef = 07DB29592B3C025C002992FD /* LandmarkList.swift */; };
		07DB295C2B3C12E4002992FD /* LandmarkDetail.swift in Sources */ = {isa = PBXBuildFile; fileRef = 07DB295B2B3C12E4002992FD /* LandmarkDetail.swift */; };
/* End PBXBuildFile section */

/* Begin PBXFileReference section */
		07DB29372B3B0FD8002992FD /* Landmarks.app */ = {isa = PBXFileReference; explicitFileType = wrapper.application; includeInIndex = 0; path = Landmarks.app; sourceTree = BUILT_PRODUCTS_DIR; };
		07DB293A2B3B0FD8002992FD /* LandmarksApp.swift */ = {isa = PBXFileReference; lastKnownFileType = sourcecode.swift; path = LandmarksApp.swift; sourceTree = "<group>"; };
		07DB293C2B3B0FD8002992FD /* ContentView.swift */ = {isa = PBXFileReference; lastKnownFileType = sourcecode.swift; path = ContentView.swift; sourceTree = "<group>"; };
		07DB293E2B3B0FD9002992FD /* Assets.xcassets */ = {isa = PBXFileReference; lastKnownFileType = folder.assetcatalog; path = Assets.xcassets; sourceTree = "<group>"; };
		07DB29412B3B0FD9002992FD /* Preview Assets.xcassets */ = {isa = PBXFileReference; lastKnownFileType = folder.assetcatalog; path = "Preview Assets.xcassets"; sourceTree = "<group>"; };
		07DB29482B3B13E8002992FD /* CircleImage.swift */ = {isa = PBXFileReference; lastKnownFileType = sourcecode.swift; path = CircleImage.swift; sourceTree = "<group>"; };
		07DB294A2B3B1559002992FD /* MapView.swift */ = {isa = PBXFileReference; lastKnownFileType = sourcecode.swift; path = MapView.swift; sourceTree = "<group>"; };
		07DB294C2B3BF191002992FD /* landmarkData.json */ = {isa = PBXFileReference; fileEncoding = 4; lastKnownFileType = text.json; path = landmarkData.json; sourceTree = "<group>"; };
		07DB294E2B3BF1A1002992FD /* Landmark.swift */ = {isa = PBXFileReference; lastKnownFileType = sourcecode.swift; path = Landmark.swift; sourceTree = "<group>"; };
		07DB29502B3BF31E002992FD /* ModelData.swift */ = {isa = PBXFileReference; lastKnownFileType = sourcecode.swift; path = ModelData.swift; sourceTree = "<group>"; };
		07DB29572B3BF56A002992FD /* LandmarkRow.swift */ = {isa = PBXFileReference; lastKnownFileType = sourcecode.swift; path = LandmarkRow.swift; sourceTree = "<group>"; };
		07DB29592B3C025C002992FD /* LandmarkList.swift */ = {isa = PBXFileReference; lastKnownFileType = sourcecode.swift; path = LandmarkList.swift; sourceTree = "<group>"; };
		07DB295B2B3C12E4002992FD /* LandmarkDetail.swift */ = {isa = PBXFileReference; lastKnownFileType = sourcecode.swift; path = LandmarkDetail.swift; sourceTree = "<group>"; };
/* End PBXFileReference section */

/* Begin PBXFrameworksBuildPhase section */
		07DB29342B3B0FD8002992FD /* Frameworks */ = {
			isa = PBXFrameworksBuildPhase;
			buildActionMask = 2147483647;
			files = (
			);
			runOnlyForDeploymentPostprocessing = 0;
		};
/* End PBXFrameworksBuildPhase section */

/* Begin PBXGroup section */
		07DB292E2B3B0FD8002992FD = {
			isa = PBXGroup;
			children = (
				07DB29392B3B0FD8002992FD /* Landmarks */,
				07DB29382B3B0FD8002992FD /* Products */,
			);
			sourceTree = "<group>";
		};
		07DB29382B3B0FD8002992FD /* Products */ = {
			isa = PBXGroup;
			children = (
				07DB29372B3B0FD8002992FD /* Landmarks.app */,
			);
			name = Products;
			sourceTree = "<group>";
		};
		07DB29392B3B0FD8002992FD /* Landmarks */ = {
			isa = PBXGroup;
			children = (
				07DB29542B3BF44F002992FD /* Resources */,
				07DB29532B3BF449002992FD /* Model */,
				07DB29522B3BF443002992FD /* Views */,
				07DB293A2B3B0FD8002992FD /* LandmarksApp.swift */,
				07DB293E2B3B0FD9002992FD /* Assets.xcassets */,
				07DB29402B3B0FD9002992FD /* Preview Content */,
			);
			path = Landmarks;
			sourceTree = "<group>";
		};
		07DB29402B3B0FD9002992FD /* Preview Content */ = {
			isa = PBXGroup;
			children = (
				07DB29412B3B0FD9002992FD /* Preview Assets.xcassets */,
			);
			path = "Preview Content";
			sourceTree = "<group>";
		};
		07DB29522B3BF443002992FD /* Views */ = {
			isa = PBXGroup;
			children = (
				07DB29572B3BF56A002992FD /* LandmarkRow.swift */,
				07DB29592B3C025C002992FD /* LandmarkList.swift */,
				07DB295B2B3C12E4002992FD /* LandmarkDetail.swift */,
				07DB293C2B3B0FD8002992FD /* ContentView.swift */,
				07DB29482B3B13E8002992FD /* CircleImage.swift */,
				07DB294A2B3B1559002992FD /* MapView.swift */,
			);
			path = Views;
			sourceTree = "<group>";
		};
		07DB29532B3BF449002992FD /* Model */ = {
			isa = PBXGroup;
			children = (
				07DB294E2B3BF1A1002992FD /* Landmark.swift */,
				07DB29502B3BF31E002992FD /* ModelData.swift */,
			);
			path = Model;
			sourceTree = "<group>";
		};
		07DB29542B3BF44F002992FD /* Resources */ = {
			isa = PBXGroup;
			children = (
				07DB294C2B3BF191002992FD /* landmarkData.json */,
			);
			path = Resources;
			sourceTree = "<group>";
		};
/* End PBXGroup section */

/* Begin PBXNativeTarget section */
		07DB29362B3B0FD8002992FD /* Landmarks */ = {
			isa = PBXNativeTarget;
			buildConfigurationList = 07DB29452B3B0FD9002992FD /* Build configuration list for PBXNativeTarget "Landmarks" */;
			buildPhases = (
				07DB29332B3B0FD8002992FD /* Sources */,
				07DB29342B3B0FD8002992FD /* Frameworks */,
				07DB29352B3B0FD8002992FD /* Resources */,
			);
			buildRules = (
			);
			dependencies = (
			);
			name = Landmarks;
			productName = Landmarks;
			productReference = 07DB29372B3B0FD8002992FD /* Landmarks.app */;
			productType = "com.apple.product-type.application";
		};
/* End PBXNativeTarget section */

/* Begin PBXProject section */
		07DB292F2B3B0FD8002992FD /* Project object */ = {
			isa = PBXProject;
			attributes = {
				BuildIndependentTargetsInParallel = 1;
				LastSwiftUpdateCheck = 1510;
				LastUpgradeCheck = 1510;
				TargetAttributes = {
					07DB29362B3B0FD8002992FD = {
						CreatedOnToolsVersion = 15.1;
					};
				};
			};
			buildConfigurationList = 07DB29322B3B0FD8002992FD /* Build configuration list for PBXProject "Landmarks" */;
			compatibilityVersion = "Xcode 14.0";
			developmentRegion = en;
			hasScannedForEncodings = 0;
			knownRegions = (
				en,
				Base,
			);
			mainGroup = 07DB292E2B3B0FD8002992FD;
			productRefGroup = 07DB29382B3B0FD8002992FD /* Products */;
			projectDirPath = "";
			projectRoot = "";
			targets = (
				07DB29362B3B0FD8002992FD /* Landmarks */,
			);
		};
/* End PBXProject section */

/* Begin PBXResourcesBuildPhase section */
		07DB29352B3B0FD8002992FD /* Resources */ = {
			isa = PBXResourcesBuildPhase;
			buildActionMask = 2147483647;
			files = (
				07DB29422B3B0FD9002992FD /* Preview Assets.xcassets in Resources */,
				07DB293F2B3B0FD9002992FD /* Assets.xcassets in Resources */,
				07DB294D2B3BF191002992FD /* landmarkData.json in Resources */,
			);
			runOnlyForDeploymentPostprocessing = 0;
		};
/* End PBXResourcesBuildPhase section */

/* Begin PBXSourcesBuildPhase section */
		07DB29332B3B0FD8002992FD /* Sources */ = {
			isa = PBXSourcesBuildPhase;
			buildActionMask = 2147483647;
			files = (
				07DB293D2B3B0FD8002992FD /* ContentView.swift in Sources */,
				07DB29512B3BF31E002992FD /* ModelData.swift in Sources */,
				07DB294B2B3B1559002992FD /* MapView.swift in Sources */,
				07DB295A2B3C025C002992FD /* LandmarkList.swift in Sources */,
				07DB295C2B3C12E4002992FD /* LandmarkDetail.swift in Sources */,
				07DB293B2B3B0FD8002992FD /* LandmarksApp.swift in Sources */,
				07DB29492B3B13E8002992FD /* CircleImage.swift in Sources */,
				07DB29582B3BF56A002992FD /* LandmarkRow.swift in Sources */,
				07DB294F2B3BF1A1002992FD /* Landmark.swift in Sources */,
			);
			runOnlyForDeploymentPostprocessing = 0;
		};
/* End PBXSourcesBuildPhase section */

/* Begin XCBuildConfiguration section */
		07DB29432B3B0FD9002992FD /* Debug */ = {
			isa = XCBuildConfiguration;
			buildSettings = {
				ALWAYS_SEARCH_USER_PATHS = NO;
				ASSETCATALOG_COMPILER_GENERATE_SWIFT_ASSET_SYMBOL_EXTENSIONS = YES;
				CLANG_ANALYZER_NONNULL = YES;
				CLANG_ANALYZER_NUMBER_OBJECT_CONVERSION = YES_AGGRESSIVE;
				CLANG_CXX_LANGUAGE_STANDARD = "gnu++20";
				CLANG_ENABLE_MODULES = YES;
				CLANG_ENABLE_OBJC_ARC = YES;
				CLANG_ENABLE_OBJC_WEAK = YES;
				CLANG_WARN_BLOCK_CAPTURE_AUTORELEASING = YES;
				CLANG_WARN_BOOL_CONVERSION = YES;
				CLANG_WARN_COMMA = YES;
				CLANG_WARN_CONSTANT_CONVERSION = YES;
				CLANG_WARN_DEPRECATED_OBJC_IMPLEMENTATIONS = YES;
				CLANG_WARN_DIRECT_OBJC_ISA_USAGE = YES_ERROR;
				CLANG_WARN_DOCUMENTATION_COMMENTS = YES;
				CLANG_WARN_EMPTY_BODY = YES;
				CLANG_WARN_ENUM_CONVERSION = YES;
				CLANG_WARN_INFINITE_RECURSION = YES;
				CLANG_WARN_INT_CONVERSION = YES;
				CLANG_WARN_NON_LITERAL_NULL_CONVERSION = YES;
				CLANG_WARN_OBJC_IMPLICIT_RETAIN_SELF = YES;
				CLANG_WARN_OBJC_LITERAL_CONVERSION = YES;
				CLANG_WARN_OBJC_ROOT_CLASS = YES_ERROR;
				CLANG_WARN_QUOTED_INCLUDE_IN_FRAMEWORK_HEADER = YES;
				CLANG_WARN_RANGE_LOOP_ANALYSIS = YES;
				CLANG_WARN_STRICT_PROTOTYPES = YES;
				CLANG_WARN_SUSPICIOUS_MOVE = YES;
				CLANG_WARN_UNGUARDED_AVAILABILITY = YES_AGGRESSIVE;
				CLANG_WARN_UNREACHABLE_CODE = YES;
				CLANG_WARN__DUPLICATE_METHOD_MATCH = YES;
				COPY_PHASE_STRIP = NO;
				DEBUG_INFORMATION_FORMAT = dwarf;
				ENABLE_STRICT_OBJC_MSGSEND = YES;
				ENABLE_TESTABILITY = YES;
				ENABLE_USER_SCRIPT_SANDBOXING = YES;
				GCC_C_LANGUAGE_STANDARD = gnu17;
				GCC_DYNAMIC_NO_PIC = NO;
				GCC_NO_COMMON_BLOCKS = YES;
				GCC_OPTIMIZATION_LEVEL = 0;
				GCC_PREPROCESSOR_DEFINITIONS = (
					"DEBUG=1",
					"$(inherited)",
				);
				GCC_WARN_64_TO_32_BIT_CONVERSION = YES;
				GCC_WARN_ABOUT_RETURN_TYPE = YES_ERROR;
				GCC_WARN_UNDECLARED_SELECTOR = YES;
				GCC_WARN_UNINITIALIZED_AUTOS = YES_AGGRESSIVE;
				GCC_WARN_UNUSED_FUNCTION = YES;
				GCC_WARN_UNUSED_VARIABLE = YES;
				IPHONEOS_DEPLOYMENT_TARGET = 17.2;
				LOCALIZATION_PREFERS_STRING_CATALOGS = YES;
				MTL_ENABLE_DEBUG_INFO = INCLUDE_SOURCE;
				MTL_FAST_MATH = YES;
				ONLY_ACTIVE_ARCH = YES;
				SDKROOT = iphoneos;
				SWIFT_ACTIVE_COMPILATION_CONDITIONS = "DEBUG $(inherited)";
				SWIFT_OPTIMIZATION_LEVEL = "-Onone";
			};
			name = Debug;
		};
		07DB29442B3B0FD9002992FD /* Release */ = {
			isa = XCBuildConfiguration;
			buildSettings = {
				ALWAYS_SEARCH_USER_PATHS = NO;
				ASSETCATALOG_COMPILER_GENERATE_SWIFT_ASSET_SYMBOL_EXTENSIONS = YES;
				CLANG_ANALYZER_NONNULL = YES;
				CLANG_ANALYZER_NUMBER_OBJECT_CONVERSION = YES_AGGRESSIVE;
				CLANG_CXX_LANGUAGE_STANDARD = "gnu++20";
				CLANG_ENABLE_MODULES = YES;
				CLANG_ENABLE_OBJC_ARC = YES;
				CLANG_ENABLE_OBJC_WEAK = YES;
				CLANG_WARN_BLOCK_CAPTURE_AUTORELEASING = YES;
				CLANG_WARN_BOOL_CONVERSION = YES;
				CLANG_WARN_COMMA = YES;
				CLANG_WARN_CONSTANT_CONVERSION = YES;
				CLANG_WARN_DEPRECATED_OBJC_IMPLEMENTATIONS = YES;
				CLANG_WARN_DIRECT_OBJC_ISA_USAGE = YES_ERROR;
				CLANG_WARN_DOCUMENTATION_COMMENTS = YES;
				CLANG_WARN_EMPTY_BODY = YES;
				CLANG_WARN_ENUM_CONVERSION = YES;
				CLANG_WARN_INFINITE_RECURSION = YES;
				CLANG_WARN_INT_CONVERSION = YES;
				CLANG_WARN_NON_LITERAL_NULL_CONVERSION = YES;
				CLANG_WARN_OBJC_IMPLICIT_RETAIN_SELF = YES;
				CLANG_WARN_OBJC_LITERAL_CONVERSION = YES;
				CLANG_WARN_OBJC_ROOT_CLASS = YES_ERROR;
				CLANG_WARN_QUOTED_INCLUDE_IN_FRAMEWORK_HEADER = YES;
				CLANG_WARN_RANGE_LOOP_ANALYSIS = YES;
				CLANG_WARN_STRICT_PROTOTYPES = YES;
				CLANG_WARN_SUSPICIOUS_MOVE = YES;
				CLANG_WARN_UNGUARDED_AVAILABILITY = YES_AGGRESSIVE;
				CLANG_WARN_UNREACHABLE_CODE = YES;
				CLANG_WARN__DUPLICATE_METHOD_MATCH = YES;
				COPY_PHASE_STRIP = NO;
				DEBUG_INFORMATION_FORMAT = "dwarf-with-dsym";
				ENABLE_NS_ASSERTIONS = NO;
				ENABLE_STRICT_OBJC_MSGSEND = YES;
				ENABLE_USER_SCRIPT_SANDBOXING = YES;
				GCC_C_LANGUAGE_STANDARD = gnu17;
				GCC_NO_COMMON_BLOCKS = YES;
				GCC_WARN_64_TO_32_BIT_CONVERSION = YES;
				GCC_WARN_ABOUT_RETURN_TYPE = YES_ERROR;
				GCC_WARN_UNDECLARED_SELECTOR = YES;
				GCC_WARN_UNINITIALIZED_AUTOS = YES_AGGRESSIVE;
				GCC_WARN_UNUSED_FUNCTION = YES;
				GCC_WARN_UNUSED_VARIABLE = YES;
				IPHONEOS_DEPLOYMENT_TARGET = 17.2;
				LOCALIZATION_PREFERS_STRING_CATALOGS = YES;
				MTL_ENABLE_DEBUG_INFO = NO;
				MTL_FAST_MATH = YES;
				SDKROOT = iphoneos;
				SWIFT_COMPILATION_MODE = wholemodule;
				VALIDATE_PRODUCT = YES;
			};
			name = Release;
		};
		07DB29462B3B0FD9002992FD /* Debug */ = {
			isa = XCBuildConfiguration;
			buildSettings = {
				ASSETCATALOG_COMPILER_APPICON_NAME = AppIcon;
				ASSETCATALOG_COMPILER_GLOBAL_ACCENT_COLOR_NAME = AccentColor;
				CODE_SIGN_STYLE = Automatic;
				CURRENT_PROJECT_VERSION = 1;
				DEVELOPMENT_ASSET_PATHS = "\"Landmarks/Preview Content\"";
				ENABLE_PREVIEWS = YES;
				GENERATE_INFOPLIST_FILE = YES;
				INFOPLIST_KEY_UIApplicationSceneManifest_Generation = YES;
				INFOPLIST_KEY_UIApplicationSupportsIndirectInputEvents = YES;
				INFOPLIST_KEY_UILaunchScreen_Generation = YES;
				INFOPLIST_KEY_UISupportedInterfaceOrientations_iPad = "UIInterfaceOrientationPortrait UIInterfaceOrientationPortraitUpsideDown UIInterfaceOrientationLandscapeLeft UIInterfaceOrientationLandscapeRight";
				INFOPLIST_KEY_UISupportedInterfaceOrientations_iPhone = "UIInterfaceOrientationPortrait UIInterfaceOrientationLandscapeLeft UIInterfaceOrientationLandscapeRight";
				LD_RUNPATH_SEARCH_PATHS = (
					"$(inherited)",
					"@executable_path/Frameworks",
				);
				MARKETING_VERSION = 1.0;
				PRODUCT_BUNDLE_IDENTIFIER = com.mandeul.com.Landmarks;
				PRODUCT_NAME = "$(TARGET_NAME)";
				SWIFT_EMIT_LOC_STRINGS = YES;
				SWIFT_VERSION = 5.0;
				TARGETED_DEVICE_FAMILY = "1,2";
			};
			name = Debug;
		};
		07DB29472B3B0FD9002992FD /* Release */ = {
			isa = XCBuildConfiguration;
			buildSettings = {
				ASSETCATALOG_COMPILER_APPICON_NAME = AppIcon;
				ASSETCATALOG_COMPILER_GLOBAL_ACCENT_COLOR_NAME = AccentColor;
				CODE_SIGN_STYLE = Automatic;
				CURRENT_PROJECT_VERSION = 1;
				DEVELOPMENT_ASSET_PATHS = "\"Landmarks/Preview Content\"";
				ENABLE_PREVIEWS = YES;
				GENERATE_INFOPLIST_FILE = YES;
				INFOPLIST_KEY_UIApplicationSceneManifest_Generation = YES;
				INFOPLIST_KEY_UIApplicationSupportsIndirectInputEvents = YES;
				INFOPLIST_KEY_UILaunchScreen_Generation = YES;
				INFOPLIST_KEY_UISupportedInterfaceOrientations_iPad = "UIInterfaceOrientationPortrait UIInterfaceOrientationPortraitUpsideDown UIInterfaceOrientationLandscapeLeft UIInterfaceOrientationLandscapeRight";
				INFOPLIST_KEY_UISupportedInterfaceOrientations_iPhone = "UIInterfaceOrientationPortrait UIInterfaceOrientationLandscapeLeft UIInterfaceOrientationLandscapeRight";
				LD_RUNPATH_SEARCH_PATHS = (
					"$(inherited)",
					"@executable_path/Frameworks",
				);
				MARKETING_VERSION = 1.0;
				PRODUCT_BUNDLE_IDENTIFIER = com.mandeul.com.Landmarks;
				PRODUCT_NAME = "$(TARGET_NAME)";
				SWIFT_EMIT_LOC_STRINGS = YES;
				SWIFT_VERSION = 5.0;
				TARGETED_DEVICE_FAMILY = "1,2";
			};
			name = Release;
		};
/* End XCBuildConfiguration section */

/* Begin XCConfigurationList section */
		07DB29322B3B0FD8002992FD /* Build configuration list for PBXProject "Landmarks" */ = {
			isa = XCConfigurationList;
			buildConfigurations = (
				07DB29432B3B0FD9002992FD /* Debug */,
				07DB29442B3B0FD9002992FD /* Release */,
			);
			defaultConfigurationIsVisible = 0;
			defaultConfigurationName = Release;
		};
		07DB29452B3B0FD9002992FD /* Build configuration list for PBXNativeTarget "Landmarks" */ = {
			isa = XCConfigurationList;
			buildConfigurations = (
				07DB29462B3B0FD9002992FD /* Debug */,
				07DB29472B3B0FD9002992FD /* Release */,
			);
			defaultConfigurationIsVisible = 0;
			defaultConfigurationName = Release;
		};
/* End XCConfigurationList section */
	};
	rootObject = 07DB292F2B3B0FD8002992FD /* Project object */;
}
